
Microsoft Visual Studio Solution File, Format Version 12.00
# Visual Studio Version 17
VisualStudioVersion = 17.0.32014.148
MinimumVisualStudioVersion = 10.0.40219.1
Project("{9A19103F-16F7-4668-BE54-9A1E7A4F7556}") = "AssistantTrainingCore", "AssistantTrainingCore\AssistantTrainingCore.csproj", "{A1047EA2-A919-4CD8-8AF3-9E383D0A2E69}"
EndProject
Project("{2150E333-8FDC-42A3-9474-1A3956D46DE8}") = "Solution Items", "Solution Items", "{FBE60FDE-D358-4C75-8A57-DA5C45945AC5}"
	ProjectSection(SolutionItems) = preProject
		global.json = global.json
		ReadMe.txt = ReadMe.txt
	EndProjectSection
EndProject
Global
	GlobalSection(SolutionConfigurationPlatforms) = preSolution
		Debug|Any CPU = Debug|Any CPU
		Release|Any CPU = Release|Any CPU
	EndGlobalSection
	GlobalSection(ProjectConfigurationPlatforms) = postSolution
		{A1047EA2-A919-4CD8-8AF3-9E383D0A2E69}.Debug|Any CPU.ActiveCfg = Debug|Any CPU
		{A1047EA2-A919-4CD8-8AF3-9E383D0A2E69}.Debug|Any CPU.Build.0 = Debug|Any CPU
		{A1047EA2-A919-4CD8-8AF3-9E383D0A2E69}.Release|Any CPU.ActiveCfg = Release|Any CPU
		{A1047EA2-A919-4CD8-8AF3-9E383D0A2E69}.Release|Any CPU.Build.0 = Release|Any CPU
	EndGlobalSection
	GlobalSection(SolutionProperties) = preSolution
		HideSolutionNode = FALSE
	EndGlobalSection
	GlobalSection(ExtensibilityGlobals) = postSolution
		SolutionGuid = {3C1A11B1-5601-4754-B163-22BB64767EE1}
	EndGlobalSection
EndGlobal
